
Microsoft Visual Studio Solution File, Format Version 12.00
# Visual Studio Version 17
VisualStudioVersion = 17.0.32112.339
MinimumVisualStudioVersion = 10.0.40219.1
Project("{9A19103F-16F7-4668-BE54-9A1E7A4F7556}") = "EuroHelp.Web", "EuroHelp.Web\EuroHelp.Web.csproj", "{0605D982-62A4-4A85-88FF-3AD75B24DB29}"
EndProject
Project("{9A19103F-16F7-4668-BE54-9A1E7A4F7556}") = "EuroHelp.Data", "EuroHelp.Data\EuroHelp.Data.csproj", "{38B4F54B-088B-4244-9C2F-6B6350AB1004}"
EndProject
Project("{9A19103F-16F7-4668-BE54-9A1E7A4F7556}") = "EuroHelp.Services", "EuroHelp.Services\EuroHelp.Services.csproj", "{E182CDCA-9303-4B12-A3AE-D34B638DF39C}"
EndProject
Project("{FAE04EC0-301F-11D3-BF4B-00C04F79EFBC}") = "EuroHelp.Global", "EuroHelp.Global\EuroHelp.Global.csproj", "{483A7A4B-F51A-4E15-9CD5-B8189C581E4E}"
EndProject
Project("{FAE04EC0-301F-11D3-BF4B-00C04F79EFBC}") = "EuroHelp.Tests", "EuroHelp.Tests\EuroHelp.Tests.csproj", "{089E05BA-2C70-48D3-ADB2-DB3B7CCF3ABE}"
EndProject
Global
	GlobalSection(SolutionConfigurationPlatforms) = preSolution
		Debug|Any CPU = Debug|Any CPU
		Release|Any CPU = Release|Any CPU
	EndGlobalSection
	GlobalSection(ProjectConfigurationPlatforms) = postSolution
		{0605D982-62A4-4A85-88FF-3AD75B24DB29}.Debug|Any CPU.ActiveCfg = Debug|Any CPU
		{0605D982-62A4-4A85-88FF-3AD75B24DB29}.Debug|Any CPU.Build.0 = Debug|Any CPU
		{0605D982-62A4-4A85-88FF-3AD75B24DB29}.Release|Any CPU.ActiveCfg = Release|Any CPU
		{0605D982-62A4-4A85-88FF-3AD75B24DB29}.Release|Any CPU.Build.0 = Release|Any CPU
		{38B4F54B-088B-4244-9C2F-6B6350AB1004}.Debug|Any CPU.ActiveCfg = Debug|Any CPU
		{38B4F54B-088B-4244-9C2F-6B6350AB1004}.Debug|Any CPU.Build.0 = Debug|Any CPU
		{38B4F54B-088B-4244-9C2F-6B6350AB1004}.Release|Any CPU.ActiveCfg = Release|Any CPU
		{38B4F54B-088B-4244-9C2F-6B6350AB1004}.Release|Any CPU.Build.0 = Release|Any CPU
		{E182CDCA-9303-4B12-A3AE-D34B638DF39C}.Debug|Any CPU.ActiveCfg = Debug|Any CPU
		{E182CDCA-9303-4B12-A3AE-D34B638DF39C}.Debug|Any CPU.Build.0 = Debug|Any CPU
		{E182CDCA-9303-4B12-A3AE-D34B638DF39C}.Release|Any CPU.ActiveCfg = Release|Any CPU
		{E182CDCA-9303-4B12-A3AE-D34B638DF39C}.Release|Any CPU.Build.0 = Release|Any CPU
		{483A7A4B-F51A-4E15-9CD5-B8189C581E4E}.Debug|Any CPU.ActiveCfg = Debug|Any CPU
		{483A7A4B-F51A-4E15-9CD5-B8189C581E4E}.Debug|Any CPU.Build.0 = Debug|Any CPU
		{483A7A4B-F51A-4E15-9CD5-B8189C581E4E}.Release|Any CPU.ActiveCfg = Release|Any CPU
		{483A7A4B-F51A-4E15-9CD5-B8189C581E4E}.Release|Any CPU.Build.0 = Release|Any CPU
		{089E05BA-2C70-48D3-ADB2-DB3B7CCF3ABE}.Debug|Any CPU.ActiveCfg = Debug|Any CPU
		{089E05BA-2C70-48D3-ADB2-DB3B7CCF3ABE}.Debug|Any CPU.Build.0 = Debug|Any CPU
		{089E05BA-2C70-48D3-ADB2-DB3B7CCF3ABE}.Release|Any CPU.ActiveCfg = Release|Any CPU
		{089E05BA-2C70-48D3-ADB2-DB3B7CCF3ABE}.Release|Any CPU.Build.0 = Release|Any CPU
	EndGlobalSection
	GlobalSection(SolutionProperties) = preSolution
		HideSolutionNode = FALSE
	EndGlobalSection
	GlobalSection(ExtensibilityGlobals) = postSolution
		SolutionGuid = {1672A02E-C0FC-429E-960A-31D8ED951E8E}
	EndGlobalSection
EndGlobal
