
Microsoft Visual Studio Solution File, Format Version 12.00
# Visual Studio Version 17
VisualStudioVersion = 17.0.32112.339
MinimumVisualStudioVersion = 10.0.40219.1
Project("{FAE04EC0-301F-11D3-BF4B-00C04F79EFBC}") = "EuroHelp.Web", "EuroHelp.Web\EuroHelp.Web.csproj", "{0605D982-62A4-4A85-88FF-3AD75B24DB29}"
EndProject
Global
	GlobalSection(SolutionConfigurationPlatforms) = preSolution
		Debug|Any CPU = Debug|Any CPU
		Release|Any CPU = Release|Any CPU
	EndGlobalSection
	GlobalSection(ProjectConfigurationPlatforms) = postSolution
		{0605D982-62A4-4A85-88FF-3AD75B24DB29}.Debug|Any CPU.ActiveCfg = Debug|Any CPU
		{0605D982-62A4-4A85-88FF-3AD75B24DB29}.Debug|Any CPU.Build.0 = Debug|Any CPU
		{0605D982-62A4-4A85-88FF-3AD75B24DB29}.Release|Any CPU.ActiveCfg = Release|Any CPU
		{0605D982-62A4-4A85-88FF-3AD75B24DB29}.Release|Any CPU.Build.0 = Release|Any CPU
	EndGlobalSection
	GlobalSection(SolutionProperties) = preSolution
		HideSolutionNode = FALSE
	EndGlobalSection
	GlobalSection(ExtensibilityGlobals) = postSolution
		SolutionGuid = {1672A02E-C0FC-429E-960A-31D8ED951E8E}
	EndGlobalSection
EndGlobal
